// !$*UTF8*$!
{
	archiveVersion = 1;
	classes = {
	};
	objectVersion = 56;
	objects = {

/* Begin PBXBuildFile section */
		614EB17129D09E1F0028C237 /* openrackApp.swift in Sources */ = {isa = PBXBuildFile; fileRef = 614EB17029D09E1F0028C237 /* openrackApp.swift */; };
		614EB17329D09E1F0028C237 /* LandingPage.swift in Sources */ = {isa = PBXBuildFile; fileRef = 614EB17229D09E1F0028C237 /* LandingPage.swift */; };
		614EB17529D09E200028C237 /* Assets.xcassets in Resources */ = {isa = PBXBuildFile; fileRef = 614EB17429D09E200028C237 /* Assets.xcassets */; };
		614EB17829D09E200028C237 /* Preview Assets.xcassets in Resources */ = {isa = PBXBuildFile; fileRef = 614EB17729D09E200028C237 /* Preview Assets.xcassets */; };
		614EB18129D0A5110028C237 /* SplashScreenView.swift in Sources */ = {isa = PBXBuildFile; fileRef = 614EB18029D0A5110028C237 /* SplashScreenView.swift */; };
		614EB18329D19C460028C237 /* GoogleService-Info.plist in Resources */ = {isa = PBXBuildFile; fileRef = 614EB18229D19C460028C237 /* GoogleService-Info.plist */; };
		614EB18629D19CBC0028C237 /* FirebaseAnalytics in Frameworks */ = {isa = PBXBuildFile; productRef = 614EB18529D19CBC0028C237 /* FirebaseAnalytics */; };
		614EB18829D19CBC0028C237 /* FirebaseAnalyticsOnDeviceConversion in Frameworks */ = {isa = PBXBuildFile; productRef = 614EB18729D19CBC0028C237 /* FirebaseAnalyticsOnDeviceConversion */; };
		614EB18A29D19CBC0028C237 /* FirebaseAnalyticsSwift in Frameworks */ = {isa = PBXBuildFile; productRef = 614EB18929D19CBC0028C237 /* FirebaseAnalyticsSwift */; };
		614EB18C29D19CBC0028C237 /* FirebaseAnalyticsWithoutAdIdSupport in Frameworks */ = {isa = PBXBuildFile; productRef = 614EB18B29D19CBC0028C237 /* FirebaseAnalyticsWithoutAdIdSupport */; };
		614EB18E29D19CBC0028C237 /* FirebaseAppCheck in Frameworks */ = {isa = PBXBuildFile; productRef = 614EB18D29D19CBC0028C237 /* FirebaseAppCheck */; };
		614EB19029D19CBC0028C237 /* FirebaseAppDistribution-Beta in Frameworks */ = {isa = PBXBuildFile; productRef = 614EB18F29D19CBC0028C237 /* FirebaseAppDistribution-Beta */; };
		614EB19229D19CBC0028C237 /* FirebaseAuth in Frameworks */ = {isa = PBXBuildFile; productRef = 614EB19129D19CBC0028C237 /* FirebaseAuth */; };
		614EB19429D19CBC0028C237 /* FirebaseAuthCombine-Community in Frameworks */ = {isa = PBXBuildFile; productRef = 614EB19329D19CBC0028C237 /* FirebaseAuthCombine-Community */; };
		614EB19629D19CBC0028C237 /* FirebaseCrashlytics in Frameworks */ = {isa = PBXBuildFile; productRef = 614EB19529D19CBC0028C237 /* FirebaseCrashlytics */; };
		614EB19829D19CBC0028C237 /* FirebaseDatabase in Frameworks */ = {isa = PBXBuildFile; productRef = 614EB19729D19CBC0028C237 /* FirebaseDatabase */; };
		614EB19A29D19CBC0028C237 /* FirebaseDatabaseSwift in Frameworks */ = {isa = PBXBuildFile; productRef = 614EB19929D19CBC0028C237 /* FirebaseDatabaseSwift */; };
		614EB19C29D19CBC0028C237 /* FirebaseDynamicLinks in Frameworks */ = {isa = PBXBuildFile; productRef = 614EB19B29D19CBC0028C237 /* FirebaseDynamicLinks */; };
		614EB19E29D19CBC0028C237 /* FirebaseFirestore in Frameworks */ = {isa = PBXBuildFile; productRef = 614EB19D29D19CBC0028C237 /* FirebaseFirestore */; };
		614EB1A029D19CBC0028C237 /* FirebaseFirestoreCombine-Community in Frameworks */ = {isa = PBXBuildFile; productRef = 614EB19F29D19CBC0028C237 /* FirebaseFirestoreCombine-Community */; };
		614EB1A229D19CBC0028C237 /* FirebaseFirestoreSwift in Frameworks */ = {isa = PBXBuildFile; productRef = 614EB1A129D19CBC0028C237 /* FirebaseFirestoreSwift */; };
		614EB1A429D19CBD0028C237 /* FirebaseFunctions in Frameworks */ = {isa = PBXBuildFile; productRef = 614EB1A329D19CBD0028C237 /* FirebaseFunctions */; };
		614EB1A629D19CBD0028C237 /* FirebaseFunctionsCombine-Community in Frameworks */ = {isa = PBXBuildFile; productRef = 614EB1A529D19CBD0028C237 /* FirebaseFunctionsCombine-Community */; };
		614EB1A829D19CBD0028C237 /* FirebaseInAppMessaging-Beta in Frameworks */ = {isa = PBXBuildFile; productRef = 614EB1A729D19CBD0028C237 /* FirebaseInAppMessaging-Beta */; };
		614EB1AA29D19CBD0028C237 /* FirebaseInAppMessagingSwift-Beta in Frameworks */ = {isa = PBXBuildFile; productRef = 614EB1A929D19CBD0028C237 /* FirebaseInAppMessagingSwift-Beta */; };
		614EB1AC29D19CBD0028C237 /* FirebaseInstallations in Frameworks */ = {isa = PBXBuildFile; productRef = 614EB1AB29D19CBD0028C237 /* FirebaseInstallations */; };
		614EB1AE29D19CBD0028C237 /* FirebaseMLModelDownloader in Frameworks */ = {isa = PBXBuildFile; productRef = 614EB1AD29D19CBD0028C237 /* FirebaseMLModelDownloader */; };
		614EB1B029D19CBD0028C237 /* FirebaseMessaging in Frameworks */ = {isa = PBXBuildFile; productRef = 614EB1AF29D19CBD0028C237 /* FirebaseMessaging */; };
		614EB1B229D19CBD0028C237 /* FirebasePerformance in Frameworks */ = {isa = PBXBuildFile; productRef = 614EB1B129D19CBD0028C237 /* FirebasePerformance */; };
		614EB1B429D19CBD0028C237 /* FirebaseRemoteConfig in Frameworks */ = {isa = PBXBuildFile; productRef = 614EB1B329D19CBD0028C237 /* FirebaseRemoteConfig */; };
		614EB1B629D19CBD0028C237 /* FirebaseRemoteConfigSwift in Frameworks */ = {isa = PBXBuildFile; productRef = 614EB1B529D19CBD0028C237 /* FirebaseRemoteConfigSwift */; };
		614EB1B829D19CBD0028C237 /* FirebaseStorage in Frameworks */ = {isa = PBXBuildFile; productRef = 614EB1B729D19CBD0028C237 /* FirebaseStorage */; };
		614EB1BA29D19CBD0028C237 /* FirebaseStorageCombine-Community in Frameworks */ = {isa = PBXBuildFile; productRef = 614EB1B929D19CBD0028C237 /* FirebaseStorageCombine-Community */; };
		614EB1C229D2F5520028C237 /* GoogleSignIn in Frameworks */ = {isa = PBXBuildFile; productRef = 614EB1C129D2F5520028C237 /* GoogleSignIn */; };
		614EB1C429D2F5520028C237 /* GoogleSignInSwift in Frameworks */ = {isa = PBXBuildFile; productRef = 614EB1C329D2F5520028C237 /* GoogleSignInSwift */; };
		614EB1CC29D304370028C237 /* AuthViewModel.swift in Sources */ = {isa = PBXBuildFile; fileRef = 614EB1CB29D304370028C237 /* AuthViewModel.swift */; };
		614EB1CE29D325E30028C237 /* Application.swift in Sources */ = {isa = PBXBuildFile; fileRef = 614EB1CD29D325E30028C237 /* Application.swift */; };
		614EB1D729D464F20028C237 /* SignInEmailView.swift in Sources */ = {isa = PBXBuildFile; fileRef = 614EB1D629D464F20028C237 /* SignInEmailView.swift */; };
		614EB1DB29D4668E0028C237 /* AuthUIViewModel.swift in Sources */ = {isa = PBXBuildFile; fileRef = 614EB1DA29D4668E0028C237 /* AuthUIViewModel.swift */; };
		61A1FDD429D4DEDA006D5E07 /* PageViews.swift in Sources */ = {isa = PBXBuildFile; fileRef = 61A1FDD329D4DEDA006D5E07 /* PageViews.swift */; };
		61A1FDD629D4E518006D5E07 /* LaunchScreen.storyboard in Resources */ = {isa = PBXBuildFile; fileRef = 61A1FDD529D4E518006D5E07 /* LaunchScreen.storyboard */; };
		61A1FDD929D4F3A3006D5E07 /* FeedPage.swift in Sources */ = {isa = PBXBuildFile; fileRef = 61A1FDD829D4F3A3006D5E07 /* FeedPage.swift */; };
		61A1FDDB29D5F3EA006D5E07 /* CustomNavbarView.swift in Sources */ = {isa = PBXBuildFile; fileRef = 61A1FDDA29D5F3EA006D5E07 /* CustomNavbarView.swift */; };
		61A1FDDD29D6002C006D5E07 /* BottomNavbar.swift in Sources */ = {isa = PBXBuildFile; fileRef = 61A1FDDC29D6002C006D5E07 /* BottomNavbar.swift */; };
		61A1FE5829DE24EF006D5E07 /* ScheduleStream.swift in Sources */ = {isa = PBXBuildFile; fileRef = 61A1FE5729DE24EF006D5E07 /* ScheduleStream.swift */; };
		61A1FE5A29DE365F006D5E07 /* TagView.swift in Sources */ = {isa = PBXBuildFile; fileRef = 61A1FE5929DE365F006D5E07 /* TagView.swift */; };
		61A1FE5F29DF62BC006D5E07 /* StreamBottomSheet.swift in Sources */ = {isa = PBXBuildFile; fileRef = 61A1FE5E29DF62BC006D5E07 /* StreamBottomSheet.swift */; };
		61A1FE6129DF7ECA006D5E07 /* ShowsPage.swift in Sources */ = {isa = PBXBuildFile; fileRef = 61A1FE6029DF7ECA006D5E07 /* ShowsPage.swift */; };
/* End PBXBuildFile section */

/* Begin PBXCopyFilesBuildPhase section */
		61A1FDFA29DCC39A006D5E07 /* Embed Frameworks */ = {
			isa = PBXCopyFilesBuildPhase;
			buildActionMask = 2147483647;
			dstPath = "";
			dstSubfolderSpec = 10;
			files = (
			);
			name = "Embed Frameworks";
			runOnlyForDeploymentPostprocessing = 0;
		};
/* End PBXCopyFilesBuildPhase section */

/* Begin PBXFileReference section */
		614EB16D29D09E1F0028C237 /* openrack.app */ = {isa = PBXFileReference; explicitFileType = wrapper.application; includeInIndex = 0; path = openrack.app; sourceTree = BUILT_PRODUCTS_DIR; };
		614EB17029D09E1F0028C237 /* openrackApp.swift */ = {isa = PBXFileReference; lastKnownFileType = sourcecode.swift; path = openrackApp.swift; sourceTree = "<group>"; };
		614EB17229D09E1F0028C237 /* LandingPage.swift */ = {isa = PBXFileReference; lastKnownFileType = sourcecode.swift; path = LandingPage.swift; sourceTree = "<group>"; };
		614EB17429D09E200028C237 /* Assets.xcassets */ = {isa = PBXFileReference; lastKnownFileType = folder.assetcatalog; path = Assets.xcassets; sourceTree = "<group>"; };
		614EB17729D09E200028C237 /* Preview Assets.xcassets */ = {isa = PBXFileReference; lastKnownFileType = folder.assetcatalog; path = "Preview Assets.xcassets"; sourceTree = "<group>"; };
		614EB18029D0A5110028C237 /* SplashScreenView.swift */ = {isa = PBXFileReference; lastKnownFileType = sourcecode.swift; path = SplashScreenView.swift; sourceTree = "<group>"; };
		614EB18229D19C460028C237 /* GoogleService-Info.plist */ = {isa = PBXFileReference; fileEncoding = 4; lastKnownFileType = text.plist.xml; name = "GoogleService-Info.plist"; path = "../../../../Downloads/GoogleService-Info.plist"; sourceTree = "<group>"; };
		614EB1C529D2F6F20028C237 /* Info.plist */ = {isa = PBXFileReference; lastKnownFileType = text.plist; path = Info.plist; sourceTree = "<group>"; };
		614EB1CB29D304370028C237 /* AuthViewModel.swift */ = {isa = PBXFileReference; lastKnownFileType = sourcecode.swift; path = AuthViewModel.swift; sourceTree = "<group>"; };
		614EB1CD29D325E30028C237 /* Application.swift */ = {isa = PBXFileReference; lastKnownFileType = sourcecode.swift; path = Application.swift; sourceTree = "<group>"; };
		614EB1D629D464F20028C237 /* SignInEmailView.swift */ = {isa = PBXFileReference; lastKnownFileType = sourcecode.swift; path = SignInEmailView.swift; sourceTree = "<group>"; };
		614EB1DA29D4668E0028C237 /* AuthUIViewModel.swift */ = {isa = PBXFileReference; lastKnownFileType = sourcecode.swift; path = AuthUIViewModel.swift; sourceTree = "<group>"; };
		61A1FDD329D4DEDA006D5E07 /* PageViews.swift */ = {isa = PBXFileReference; lastKnownFileType = sourcecode.swift; path = PageViews.swift; sourceTree = "<group>"; };
		61A1FDD529D4E518006D5E07 /* LaunchScreen.storyboard */ = {isa = PBXFileReference; lastKnownFileType = file.storyboard; path = LaunchScreen.storyboard; sourceTree = "<group>"; };
		61A1FDD829D4F3A3006D5E07 /* FeedPage.swift */ = {isa = PBXFileReference; lastKnownFileType = sourcecode.swift; path = FeedPage.swift; sourceTree = "<group>"; };
		61A1FDDA29D5F3EA006D5E07 /* CustomNavbarView.swift */ = {isa = PBXFileReference; lastKnownFileType = sourcecode.swift; path = CustomNavbarView.swift; sourceTree = "<group>"; };
		61A1FDDC29D6002C006D5E07 /* BottomNavbar.swift */ = {isa = PBXFileReference; lastKnownFileType = sourcecode.swift; path = BottomNavbar.swift; sourceTree = "<group>"; };
		61A1FE5729DE24EF006D5E07 /* ScheduleStream.swift */ = {isa = PBXFileReference; lastKnownFileType = sourcecode.swift; path = ScheduleStream.swift; sourceTree = "<group>"; };
		61A1FE5929DE365F006D5E07 /* TagView.swift */ = {isa = PBXFileReference; lastKnownFileType = sourcecode.swift; path = TagView.swift; sourceTree = "<group>"; };
		61A1FE5E29DF62BC006D5E07 /* StreamBottomSheet.swift */ = {isa = PBXFileReference; lastKnownFileType = sourcecode.swift; path = StreamBottomSheet.swift; sourceTree = "<group>"; };
		61A1FE6029DF7ECA006D5E07 /* ShowsPage.swift */ = {isa = PBXFileReference; lastKnownFileType = sourcecode.swift; path = ShowsPage.swift; sourceTree = "<group>"; };
/* End PBXFileReference section */

/* Begin PBXFrameworksBuildPhase section */
		614EB16A29D09E1F0028C237 /* Frameworks */ = {
			isa = PBXFrameworksBuildPhase;
			buildActionMask = 2147483647;
			files = (
				614EB19829D19CBC0028C237 /* FirebaseDatabase in Frameworks */,
				614EB1A629D19CBD0028C237 /* FirebaseFunctionsCombine-Community in Frameworks */,
				614EB19E29D19CBC0028C237 /* FirebaseFirestore in Frameworks */,
				614EB18A29D19CBC0028C237 /* FirebaseAnalyticsSwift in Frameworks */,
				614EB18629D19CBC0028C237 /* FirebaseAnalytics in Frameworks */,
				614EB18829D19CBC0028C237 /* FirebaseAnalyticsOnDeviceConversion in Frameworks */,
				614EB1AE29D19CBD0028C237 /* FirebaseMLModelDownloader in Frameworks */,
				614EB1C429D2F5520028C237 /* GoogleSignInSwift in Frameworks */,
				614EB1A229D19CBC0028C237 /* FirebaseFirestoreSwift in Frameworks */,
				614EB18E29D19CBC0028C237 /* FirebaseAppCheck in Frameworks */,
				614EB18C29D19CBC0028C237 /* FirebaseAnalyticsWithoutAdIdSupport in Frameworks */,
				614EB19229D19CBC0028C237 /* FirebaseAuth in Frameworks */,
				614EB19629D19CBC0028C237 /* FirebaseCrashlytics in Frameworks */,
				614EB1B629D19CBD0028C237 /* FirebaseRemoteConfigSwift in Frameworks */,
				614EB1C229D2F5520028C237 /* GoogleSignIn in Frameworks */,
				614EB1A829D19CBD0028C237 /* FirebaseInAppMessaging-Beta in Frameworks */,
				614EB19A29D19CBC0028C237 /* FirebaseDatabaseSwift in Frameworks */,
				614EB1A429D19CBD0028C237 /* FirebaseFunctions in Frameworks */,
				614EB1BA29D19CBD0028C237 /* FirebaseStorageCombine-Community in Frameworks */,
				614EB1B429D19CBD0028C237 /* FirebaseRemoteConfig in Frameworks */,
				614EB19029D19CBC0028C237 /* FirebaseAppDistribution-Beta in Frameworks */,
				614EB19429D19CBC0028C237 /* FirebaseAuthCombine-Community in Frameworks */,
				614EB1B229D19CBD0028C237 /* FirebasePerformance in Frameworks */,
				614EB1AA29D19CBD0028C237 /* FirebaseInAppMessagingSwift-Beta in Frameworks */,
				614EB1B829D19CBD0028C237 /* FirebaseStorage in Frameworks */,
				614EB19C29D19CBC0028C237 /* FirebaseDynamicLinks in Frameworks */,
				614EB1A029D19CBC0028C237 /* FirebaseFirestoreCombine-Community in Frameworks */,
				614EB1B029D19CBD0028C237 /* FirebaseMessaging in Frameworks */,
				614EB1AC29D19CBD0028C237 /* FirebaseInstallations in Frameworks */,
			);
			runOnlyForDeploymentPostprocessing = 0;
		};
/* End PBXFrameworksBuildPhase section */

/* Begin PBXGroup section */
		614EB16429D09E1F0028C237 = {
			isa = PBXGroup;
			children = (
				614EB16F29D09E1F0028C237 /* openrack */,
				614EB16E29D09E1F0028C237 /* Products */,
			);
			sourceTree = "<group>";
		};
		614EB16E29D09E1F0028C237 /* Products */ = {
			isa = PBXGroup;
			children = (
				614EB16D29D09E1F0028C237 /* openrack.app */,
			);
			name = Products;
			sourceTree = "<group>";
		};
		614EB16F29D09E1F0028C237 /* openrack */ = {
			isa = PBXGroup;
			children = (
				614EB1BB29D1FCA90028C237 /* Utility */,
				614EB1BE29D21BC90028C237 /* Model */,
				614EB1BF29D21BD90028C237 /* ViewModel */,
				614EB1D429D356870028C237 /* Views */,
				614EB17029D09E1F0028C237 /* openrackApp.swift */,
				614EB17429D09E200028C237 /* Assets.xcassets */,
				614EB18229D19C460028C237 /* GoogleService-Info.plist */,
				614EB1C529D2F6F20028C237 /* Info.plist */,
				614EB17629D09E200028C237 /* Preview Content */,
			);
			path = openrack;
			sourceTree = "<group>";
		};
		614EB17629D09E200028C237 /* Preview Content */ = {
			isa = PBXGroup;
			children = (
				614EB17729D09E200028C237 /* Preview Assets.xcassets */,
			);
			path = "Preview Content";
			sourceTree = "<group>";
		};
		614EB1BB29D1FCA90028C237 /* Utility */ = {
			isa = PBXGroup;
			children = (
				614EB1CD29D325E30028C237 /* Application.swift */,
			);
			name = Utility;
			sourceTree = "<group>";
		};
		614EB1BE29D21BC90028C237 /* Model */ = {
			isa = PBXGroup;
			children = (
				614EB1CB29D304370028C237 /* AuthViewModel.swift */,
			);
			name = Model;
			sourceTree = "<group>";
		};
		614EB1BF29D21BD90028C237 /* ViewModel */ = {
			isa = PBXGroup;
			children = (
				614EB1DA29D4668E0028C237 /* AuthUIViewModel.swift */,
			);
			name = ViewModel;
			sourceTree = "<group>";
		};
		614EB1D429D356870028C237 /* Views */ = {
			isa = PBXGroup;
			children = (
				61A1FDDE29D60D7B006D5E07 /* Nav Pages */,
				61A1FDD729D4E751006D5E07 /* Launch Screens */,
				614EB1D529D356A20028C237 /* Auth */,
				61A1FDD329D4DEDA006D5E07 /* PageViews.swift */,
				61A1FDDA29D5F3EA006D5E07 /* CustomNavbarView.swift */,
				61A1FDDC29D6002C006D5E07 /* BottomNavbar.swift */,
				61A1FE5E29DF62BC006D5E07 /* StreamBottomSheet.swift */,
			);
			name = Views;
			sourceTree = "<group>";
		};
		614EB1D529D356A20028C237 /* Auth */ = {
			isa = PBXGroup;
			children = (
				614EB17229D09E1F0028C237 /* LandingPage.swift */,
				614EB1D629D464F20028C237 /* SignInEmailView.swift */,
			);
			name = Auth;
			sourceTree = "<group>";
		};
		61A1FDD729D4E751006D5E07 /* Launch Screens */ = {
			isa = PBXGroup;
			children = (
				614EB18029D0A5110028C237 /* SplashScreenView.swift */,
				61A1FDD529D4E518006D5E07 /* LaunchScreen.storyboard */,
			);
			name = "Launch Screens";
			sourceTree = "<group>";
		};
		61A1FDDE29D60D7B006D5E07 /* Nav Pages */ = {
			isa = PBXGroup;
			children = (
				61A1FDD829D4F3A3006D5E07 /* FeedPage.swift */,
				61A1FE5729DE24EF006D5E07 /* ScheduleStream.swift */,
				61A1FE5929DE365F006D5E07 /* TagView.swift */,
				61A1FE6029DF7ECA006D5E07 /* ShowsPage.swift */,
			);
			name = "Nav Pages";
			sourceTree = "<group>";
		};
/* End PBXGroup section */

/* Begin PBXNativeTarget section */
		614EB16C29D09E1F0028C237 /* openrack */ = {
			isa = PBXNativeTarget;
			buildConfigurationList = 614EB17B29D09E200028C237 /* Build configuration list for PBXNativeTarget "openrack" */;
			buildPhases = (
				614EB16929D09E1F0028C237 /* Sources */,
				614EB16A29D09E1F0028C237 /* Frameworks */,
				614EB16B29D09E1F0028C237 /* Resources */,
				61A1FDFA29DCC39A006D5E07 /* Embed Frameworks */,
			);
			buildRules = (
			);
			dependencies = (
			);
			name = openrack;
			packageProductDependencies = (
				614EB18529D19CBC0028C237 /* FirebaseAnalytics */,
				614EB18729D19CBC0028C237 /* FirebaseAnalyticsOnDeviceConversion */,
				614EB18929D19CBC0028C237 /* FirebaseAnalyticsSwift */,
				614EB18B29D19CBC0028C237 /* FirebaseAnalyticsWithoutAdIdSupport */,
				614EB18D29D19CBC0028C237 /* FirebaseAppCheck */,
				614EB18F29D19CBC0028C237 /* FirebaseAppDistribution-Beta */,
				614EB19129D19CBC0028C237 /* FirebaseAuth */,
				614EB19329D19CBC0028C237 /* FirebaseAuthCombine-Community */,
				614EB19529D19CBC0028C237 /* FirebaseCrashlytics */,
				614EB19729D19CBC0028C237 /* FirebaseDatabase */,
				614EB19929D19CBC0028C237 /* FirebaseDatabaseSwift */,
				614EB19B29D19CBC0028C237 /* FirebaseDynamicLinks */,
				614EB19D29D19CBC0028C237 /* FirebaseFirestore */,
				614EB19F29D19CBC0028C237 /* FirebaseFirestoreCombine-Community */,
				614EB1A129D19CBC0028C237 /* FirebaseFirestoreSwift */,
				614EB1A329D19CBD0028C237 /* FirebaseFunctions */,
				614EB1A529D19CBD0028C237 /* FirebaseFunctionsCombine-Community */,
				614EB1A729D19CBD0028C237 /* FirebaseInAppMessaging-Beta */,
				614EB1A929D19CBD0028C237 /* FirebaseInAppMessagingSwift-Beta */,
				614EB1AB29D19CBD0028C237 /* FirebaseInstallations */,
				614EB1AD29D19CBD0028C237 /* FirebaseMLModelDownloader */,
				614EB1AF29D19CBD0028C237 /* FirebaseMessaging */,
				614EB1B129D19CBD0028C237 /* FirebasePerformance */,
				614EB1B329D19CBD0028C237 /* FirebaseRemoteConfig */,
				614EB1B529D19CBD0028C237 /* FirebaseRemoteConfigSwift */,
				614EB1B729D19CBD0028C237 /* FirebaseStorage */,
				614EB1B929D19CBD0028C237 /* FirebaseStorageCombine-Community */,
				614EB1C129D2F5520028C237 /* GoogleSignIn */,
				614EB1C329D2F5520028C237 /* GoogleSignInSwift */,
			);
			productName = openrack;
			productReference = 614EB16D29D09E1F0028C237 /* openrack.app */;
			productType = "com.apple.product-type.application";
		};
/* End PBXNativeTarget section */

/* Begin PBXProject section */
		614EB16529D09E1F0028C237 /* Project object */ = {
			isa = PBXProject;
			attributes = {
				BuildIndependentTargetsInParallel = 1;
				LastSwiftUpdateCheck = 1420;
				LastUpgradeCheck = 1420;
				TargetAttributes = {
					614EB16C29D09E1F0028C237 = {
						CreatedOnToolsVersion = 14.2;
					};
				};
			};
			buildConfigurationList = 614EB16829D09E1F0028C237 /* Build configuration list for PBXProject "openrack" */;
			compatibilityVersion = "Xcode 14.0";
			developmentRegion = en;
			hasScannedForEncodings = 0;
			knownRegions = (
				en,
				Base,
			);
			mainGroup = 614EB16429D09E1F0028C237;
			packageReferences = (
				614EB18429D19CBC0028C237 /* XCRemoteSwiftPackageReference "firebase-ios-sdk" */,
				614EB1C029D2F5520028C237 /* XCRemoteSwiftPackageReference "GoogleSignIn-iOS" */,
			);
			productRefGroup = 614EB16E29D09E1F0028C237 /* Products */;
			projectDirPath = "";
			projectRoot = "";
			targets = (
				614EB16C29D09E1F0028C237 /* openrack */,
			);
		};
/* End PBXProject section */

/* Begin PBXResourcesBuildPhase section */
		614EB16B29D09E1F0028C237 /* Resources */ = {
			isa = PBXResourcesBuildPhase;
			buildActionMask = 2147483647;
			files = (
				614EB17829D09E200028C237 /* Preview Assets.xcassets in Resources */,
				61A1FDD629D4E518006D5E07 /* LaunchScreen.storyboard in Resources */,
				614EB18329D19C460028C237 /* GoogleService-Info.plist in Resources */,
				614EB17529D09E200028C237 /* Assets.xcassets in Resources */,
			);
			runOnlyForDeploymentPostprocessing = 0;
		};
/* End PBXResourcesBuildPhase section */

/* Begin PBXSourcesBuildPhase section */
		614EB16929D09E1F0028C237 /* Sources */ = {
			isa = PBXSourcesBuildPhase;
			buildActionMask = 2147483647;
			files = (
				614EB1D729D464F20028C237 /* SignInEmailView.swift in Sources */,
				61A1FDDB29D5F3EA006D5E07 /* CustomNavbarView.swift in Sources */,
				61A1FDDD29D6002C006D5E07 /* BottomNavbar.swift in Sources */,
				61A1FDD929D4F3A3006D5E07 /* FeedPage.swift in Sources */,
				614EB1CE29D325E30028C237 /* Application.swift in Sources */,
				614EB1CC29D304370028C237 /* AuthViewModel.swift in Sources */,
				61A1FE5A29DE365F006D5E07 /* TagView.swift in Sources */,
				614EB1DB29D4668E0028C237 /* AuthUIViewModel.swift in Sources */,
				61A1FE5F29DF62BC006D5E07 /* StreamBottomSheet.swift in Sources */,
				614EB17329D09E1F0028C237 /* LandingPage.swift in Sources */,
				61A1FE5829DE24EF006D5E07 /* ScheduleStream.swift in Sources */,
				61A1FE6129DF7ECA006D5E07 /* ShowsPage.swift in Sources */,
				61A1FDD429D4DEDA006D5E07 /* PageViews.swift in Sources */,
				614EB17129D09E1F0028C237 /* openrackApp.swift in Sources */,
				614EB18129D0A5110028C237 /* SplashScreenView.swift in Sources */,
			);
			runOnlyForDeploymentPostprocessing = 0;
		};
/* End PBXSourcesBuildPhase section */

/* Begin XCBuildConfiguration section */
		614EB17929D09E200028C237 /* Debug */ = {
			isa = XCBuildConfiguration;
			buildSettings = {
				ALWAYS_SEARCH_USER_PATHS = NO;
				CLANG_ANALYZER_NONNULL = YES;
				CLANG_ANALYZER_NUMBER_OBJECT_CONVERSION = YES_AGGRESSIVE;
				CLANG_CXX_LANGUAGE_STANDARD = "gnu++20";
				CLANG_ENABLE_MODULES = YES;
				CLANG_ENABLE_OBJC_ARC = YES;
				CLANG_ENABLE_OBJC_WEAK = YES;
				CLANG_WARN_BLOCK_CAPTURE_AUTORELEASING = YES;
				CLANG_WARN_BOOL_CONVERSION = YES;
				CLANG_WARN_COMMA = YES;
				CLANG_WARN_CONSTANT_CONVERSION = YES;
				CLANG_WARN_DEPRECATED_OBJC_IMPLEMENTATIONS = YES;
				CLANG_WARN_DIRECT_OBJC_ISA_USAGE = YES_ERROR;
				CLANG_WARN_DOCUMENTATION_COMMENTS = YES;
				CLANG_WARN_EMPTY_BODY = YES;
				CLANG_WARN_ENUM_CONVERSION = YES;
				CLANG_WARN_INFINITE_RECURSION = YES;
				CLANG_WARN_INT_CONVERSION = YES;
				CLANG_WARN_NON_LITERAL_NULL_CONVERSION = YES;
				CLANG_WARN_OBJC_IMPLICIT_RETAIN_SELF = YES;
				CLANG_WARN_OBJC_LITERAL_CONVERSION = YES;
				CLANG_WARN_OBJC_ROOT_CLASS = YES_ERROR;
				CLANG_WARN_QUOTED_INCLUDE_IN_FRAMEWORK_HEADER = YES;
				CLANG_WARN_RANGE_LOOP_ANALYSIS = YES;
				CLANG_WARN_STRICT_PROTOTYPES = YES;
				CLANG_WARN_SUSPICIOUS_MOVE = YES;
				CLANG_WARN_UNGUARDED_AVAILABILITY = YES_AGGRESSIVE;
				CLANG_WARN_UNREACHABLE_CODE = YES;
				CLANG_WARN__DUPLICATE_METHOD_MATCH = YES;
				COPY_PHASE_STRIP = NO;
				DEBUG_INFORMATION_FORMAT = dwarf;
				ENABLE_STRICT_OBJC_MSGSEND = YES;
				ENABLE_TESTABILITY = YES;
				GCC_C_LANGUAGE_STANDARD = gnu11;
				GCC_DYNAMIC_NO_PIC = NO;
				GCC_NO_COMMON_BLOCKS = YES;
				GCC_OPTIMIZATION_LEVEL = 0;
				GCC_PREPROCESSOR_DEFINITIONS = (
					"DEBUG=1",
					"$(inherited)",
				);
				GCC_WARN_64_TO_32_BIT_CONVERSION = YES;
				GCC_WARN_ABOUT_RETURN_TYPE = YES_ERROR;
				GCC_WARN_UNDECLARED_SELECTOR = YES;
				GCC_WARN_UNINITIALIZED_AUTOS = YES_AGGRESSIVE;
				GCC_WARN_UNUSED_FUNCTION = YES;
				GCC_WARN_UNUSED_VARIABLE = YES;
				IPHONEOS_DEPLOYMENT_TARGET = 16.2;
				MTL_ENABLE_DEBUG_INFO = INCLUDE_SOURCE;
				MTL_FAST_MATH = YES;
				ONLY_ACTIVE_ARCH = YES;
				SDKROOT = iphoneos;
				SWIFT_ACTIVE_COMPILATION_CONDITIONS = DEBUG;
				SWIFT_OPTIMIZATION_LEVEL = "-Onone";
			};
			name = Debug;
		};
		614EB17A29D09E200028C237 /* Release */ = {
			isa = XCBuildConfiguration;
			buildSettings = {
				ALWAYS_SEARCH_USER_PATHS = NO;
				CLANG_ANALYZER_NONNULL = YES;
				CLANG_ANALYZER_NUMBER_OBJECT_CONVERSION = YES_AGGRESSIVE;
				CLANG_CXX_LANGUAGE_STANDARD = "gnu++20";
				CLANG_ENABLE_MODULES = YES;
				CLANG_ENABLE_OBJC_ARC = YES;
				CLANG_ENABLE_OBJC_WEAK = YES;
				CLANG_WARN_BLOCK_CAPTURE_AUTORELEASING = YES;
				CLANG_WARN_BOOL_CONVERSION = YES;
				CLANG_WARN_COMMA = YES;
				CLANG_WARN_CONSTANT_CONVERSION = YES;
				CLANG_WARN_DEPRECATED_OBJC_IMPLEMENTATIONS = YES;
				CLANG_WARN_DIRECT_OBJC_ISA_USAGE = YES_ERROR;
				CLANG_WARN_DOCUMENTATION_COMMENTS = YES;
				CLANG_WARN_EMPTY_BODY = YES;
				CLANG_WARN_ENUM_CONVERSION = YES;
				CLANG_WARN_INFINITE_RECURSION = YES;
				CLANG_WARN_INT_CONVERSION = YES;
				CLANG_WARN_NON_LITERAL_NULL_CONVERSION = YES;
				CLANG_WARN_OBJC_IMPLICIT_RETAIN_SELF = YES;
				CLANG_WARN_OBJC_LITERAL_CONVERSION = YES;
				CLANG_WARN_OBJC_ROOT_CLASS = YES_ERROR;
				CLANG_WARN_QUOTED_INCLUDE_IN_FRAMEWORK_HEADER = YES;
				CLANG_WARN_RANGE_LOOP_ANALYSIS = YES;
				CLANG_WARN_STRICT_PROTOTYPES = YES;
				CLANG_WARN_SUSPICIOUS_MOVE = YES;
				CLANG_WARN_UNGUARDED_AVAILABILITY = YES_AGGRESSIVE;
				CLANG_WARN_UNREACHABLE_CODE = YES;
				CLANG_WARN__DUPLICATE_METHOD_MATCH = YES;
				COPY_PHASE_STRIP = NO;
				DEBUG_INFORMATION_FORMAT = "dwarf-with-dsym";
				ENABLE_NS_ASSERTIONS = NO;
				ENABLE_STRICT_OBJC_MSGSEND = YES;
				GCC_C_LANGUAGE_STANDARD = gnu11;
				GCC_NO_COMMON_BLOCKS = YES;
				GCC_WARN_64_TO_32_BIT_CONVERSION = YES;
				GCC_WARN_ABOUT_RETURN_TYPE = YES_ERROR;
				GCC_WARN_UNDECLARED_SELECTOR = YES;
				GCC_WARN_UNINITIALIZED_AUTOS = YES_AGGRESSIVE;
				GCC_WARN_UNUSED_FUNCTION = YES;
				GCC_WARN_UNUSED_VARIABLE = YES;
				IPHONEOS_DEPLOYMENT_TARGET = 16.2;
				MTL_ENABLE_DEBUG_INFO = NO;
				MTL_FAST_MATH = YES;
				SDKROOT = iphoneos;
				SWIFT_COMPILATION_MODE = wholemodule;
				SWIFT_OPTIMIZATION_LEVEL = "-O";
				VALIDATE_PRODUCT = YES;
			};
			name = Release;
		};
		614EB17C29D09E200028C237 /* Debug */ = {
			isa = XCBuildConfiguration;
			buildSettings = {
				ASSETCATALOG_COMPILER_APPICON_NAME = AppIcon;
				ASSETCATALOG_COMPILER_GLOBAL_ACCENT_COLOR_NAME = AccentColor;
				CODE_SIGN_STYLE = Automatic;
				CURRENT_PROJECT_VERSION = 1;
				DEVELOPMENT_ASSET_PATHS = "\"openrack/Preview Content\"";
				DEVELOPMENT_TEAM = 29VBPZUJ23;
				ENABLE_PREVIEWS = YES;
				GENERATE_INFOPLIST_FILE = YES;
				INFOPLIST_FILE = openrack/Info.plist;
				INFOPLIST_KEY_CFBundleDisplayName = Openrack;
				INFOPLIST_KEY_LSApplicationCategoryType = "public.app-category.shopping";
				INFOPLIST_KEY_UIApplicationSceneManifest_Generation = YES;
				INFOPLIST_KEY_UIApplicationSupportsIndirectInputEvents = YES;
				INFOPLIST_KEY_UILaunchScreen_Generation = YES;
				INFOPLIST_KEY_UILaunchStoryboardName = LaunchScreen.storyboard;
				INFOPLIST_KEY_UISupportedInterfaceOrientations = UIInterfaceOrientationPortrait;
				INFOPLIST_KEY_UISupportedInterfaceOrientations_iPad = "UIInterfaceOrientationLandscapeLeft UIInterfaceOrientationLandscapeRight UIInterfaceOrientationPortrait UIInterfaceOrientationPortraitUpsideDown";
				IPHONEOS_DEPLOYMENT_TARGET = 16.0;
				LD_RUNPATH_SEARCH_PATHS = (
					"$(inherited)",
					"@executable_path/Frameworks",
				);
				MARKETING_VERSION = 1.0;
				PRODUCT_BUNDLE_IDENTIFIER = com.axie.openrack;
				PRODUCT_NAME = "$(TARGET_NAME)";
				SWIFT_EMIT_LOC_STRINGS = YES;
				SWIFT_VERSION = 5.0;
				TARGETED_DEVICE_FAMILY = "1,2";
			};
			name = Debug;
		};
		614EB17D29D09E200028C237 /* Release */ = {
			isa = XCBuildConfiguration;
			buildSettings = {
				ASSETCATALOG_COMPILER_APPICON_NAME = AppIcon;
				ASSETCATALOG_COMPILER_GLOBAL_ACCENT_COLOR_NAME = AccentColor;
				CODE_SIGN_STYLE = Automatic;
				CURRENT_PROJECT_VERSION = 1;
				DEVELOPMENT_ASSET_PATHS = "\"openrack/Preview Content\"";
				DEVELOPMENT_TEAM = 29VBPZUJ23;
				ENABLE_PREVIEWS = YES;
				GENERATE_INFOPLIST_FILE = YES;
				INFOPLIST_FILE = openrack/Info.plist;
				INFOPLIST_KEY_CFBundleDisplayName = Openrack;
				INFOPLIST_KEY_LSApplicationCategoryType = "public.app-category.shopping";
				INFOPLIST_KEY_UIApplicationSceneManifest_Generation = YES;
				INFOPLIST_KEY_UIApplicationSupportsIndirectInputEvents = YES;
				INFOPLIST_KEY_UILaunchScreen_Generation = YES;
				INFOPLIST_KEY_UILaunchStoryboardName = LaunchScreen.storyboard;
				INFOPLIST_KEY_UISupportedInterfaceOrientations = UIInterfaceOrientationPortrait;
				INFOPLIST_KEY_UISupportedInterfaceOrientations_iPad = "UIInterfaceOrientationLandscapeLeft UIInterfaceOrientationLandscapeRight UIInterfaceOrientationPortrait UIInterfaceOrientationPortraitUpsideDown";
				IPHONEOS_DEPLOYMENT_TARGET = 16.0;
				LD_RUNPATH_SEARCH_PATHS = (
					"$(inherited)",
					"@executable_path/Frameworks",
				);
				MARKETING_VERSION = 1.0;
				PRODUCT_BUNDLE_IDENTIFIER = com.axie.openrack;
				PRODUCT_NAME = "$(TARGET_NAME)";
				SWIFT_EMIT_LOC_STRINGS = YES;
				SWIFT_VERSION = 5.0;
				TARGETED_DEVICE_FAMILY = "1,2";
			};
			name = Release;
		};
/* End XCBuildConfiguration section */

/* Begin XCConfigurationList section */
		614EB16829D09E1F0028C237 /* Build configuration list for PBXProject "openrack" */ = {
			isa = XCConfigurationList;
			buildConfigurations = (
				614EB17929D09E200028C237 /* Debug */,
				614EB17A29D09E200028C237 /* Release */,
			);
			defaultConfigurationIsVisible = 0;
			defaultConfigurationName = Release;
		};
		614EB17B29D09E200028C237 /* Build configuration list for PBXNativeTarget "openrack" */ = {
			isa = XCConfigurationList;
			buildConfigurations = (
				614EB17C29D09E200028C237 /* Debug */,
				614EB17D29D09E200028C237 /* Release */,
			);
			defaultConfigurationIsVisible = 0;
			defaultConfigurationName = Release;
		};
/* End XCConfigurationList section */

/* Begin XCRemoteSwiftPackageReference section */
		614EB18429D19CBC0028C237 /* XCRemoteSwiftPackageReference "firebase-ios-sdk" */ = {
			isa = XCRemoteSwiftPackageReference;
			repositoryURL = "https://github.com/firebase/firebase-ios-sdk";
			requirement = {
				branch = master;
				kind = branch;
			};
		};
		614EB1C029D2F5520028C237 /* XCRemoteSwiftPackageReference "GoogleSignIn-iOS" */ = {
			isa = XCRemoteSwiftPackageReference;
			repositoryURL = "https://github.com/google/GoogleSignIn-iOS";
			requirement = {
				kind = upToNextMajorVersion;
				minimumVersion = 7.0.0;
			};
		};
/* End XCRemoteSwiftPackageReference section */

/* Begin XCSwiftPackageProductDependency section */
		614EB18529D19CBC0028C237 /* FirebaseAnalytics */ = {
			isa = XCSwiftPackageProductDependency;
			package = 614EB18429D19CBC0028C237 /* XCRemoteSwiftPackageReference "firebase-ios-sdk" */;
			productName = FirebaseAnalytics;
		};
		614EB18729D19CBC0028C237 /* FirebaseAnalyticsOnDeviceConversion */ = {
			isa = XCSwiftPackageProductDependency;
			package = 614EB18429D19CBC0028C237 /* XCRemoteSwiftPackageReference "firebase-ios-sdk" */;
			productName = FirebaseAnalyticsOnDeviceConversion;
		};
		614EB18929D19CBC0028C237 /* FirebaseAnalyticsSwift */ = {
			isa = XCSwiftPackageProductDependency;
			package = 614EB18429D19CBC0028C237 /* XCRemoteSwiftPackageReference "firebase-ios-sdk" */;
			productName = FirebaseAnalyticsSwift;
		};
		614EB18B29D19CBC0028C237 /* FirebaseAnalyticsWithoutAdIdSupport */ = {
			isa = XCSwiftPackageProductDependency;
			package = 614EB18429D19CBC0028C237 /* XCRemoteSwiftPackageReference "firebase-ios-sdk" */;
			productName = FirebaseAnalyticsWithoutAdIdSupport;
		};
		614EB18D29D19CBC0028C237 /* FirebaseAppCheck */ = {
			isa = XCSwiftPackageProductDependency;
			package = 614EB18429D19CBC0028C237 /* XCRemoteSwiftPackageReference "firebase-ios-sdk" */;
			productName = FirebaseAppCheck;
		};
		614EB18F29D19CBC0028C237 /* FirebaseAppDistribution-Beta */ = {
			isa = XCSwiftPackageProductDependency;
			package = 614EB18429D19CBC0028C237 /* XCRemoteSwiftPackageReference "firebase-ios-sdk" */;
			productName = "FirebaseAppDistribution-Beta";
		};
		614EB19129D19CBC0028C237 /* FirebaseAuth */ = {
			isa = XCSwiftPackageProductDependency;
			package = 614EB18429D19CBC0028C237 /* XCRemoteSwiftPackageReference "firebase-ios-sdk" */;
			productName = FirebaseAuth;
		};
		614EB19329D19CBC0028C237 /* FirebaseAuthCombine-Community */ = {
			isa = XCSwiftPackageProductDependency;
			package = 614EB18429D19CBC0028C237 /* XCRemoteSwiftPackageReference "firebase-ios-sdk" */;
			productName = "FirebaseAuthCombine-Community";
		};
		614EB19529D19CBC0028C237 /* FirebaseCrashlytics */ = {
			isa = XCSwiftPackageProductDependency;
			package = 614EB18429D19CBC0028C237 /* XCRemoteSwiftPackageReference "firebase-ios-sdk" */;
			productName = FirebaseCrashlytics;
		};
		614EB19729D19CBC0028C237 /* FirebaseDatabase */ = {
			isa = XCSwiftPackageProductDependency;
			package = 614EB18429D19CBC0028C237 /* XCRemoteSwiftPackageReference "firebase-ios-sdk" */;
			productName = FirebaseDatabase;
		};
		614EB19929D19CBC0028C237 /* FirebaseDatabaseSwift */ = {
			isa = XCSwiftPackageProductDependency;
			package = 614EB18429D19CBC0028C237 /* XCRemoteSwiftPackageReference "firebase-ios-sdk" */;
			productName = FirebaseDatabaseSwift;
		};
		614EB19B29D19CBC0028C237 /* FirebaseDynamicLinks */ = {
			isa = XCSwiftPackageProductDependency;
			package = 614EB18429D19CBC0028C237 /* XCRemoteSwiftPackageReference "firebase-ios-sdk" */;
			productName = FirebaseDynamicLinks;
		};
		614EB19D29D19CBC0028C237 /* FirebaseFirestore */ = {
			isa = XCSwiftPackageProductDependency;
			package = 614EB18429D19CBC0028C237 /* XCRemoteSwiftPackageReference "firebase-ios-sdk" */;
			productName = FirebaseFirestore;
		};
		614EB19F29D19CBC0028C237 /* FirebaseFirestoreCombine-Community */ = {
			isa = XCSwiftPackageProductDependency;
			package = 614EB18429D19CBC0028C237 /* XCRemoteSwiftPackageReference "firebase-ios-sdk" */;
			productName = "FirebaseFirestoreCombine-Community";
		};
		614EB1A129D19CBC0028C237 /* FirebaseFirestoreSwift */ = {
			isa = XCSwiftPackageProductDependency;
			package = 614EB18429D19CBC0028C237 /* XCRemoteSwiftPackageReference "firebase-ios-sdk" */;
			productName = FirebaseFirestoreSwift;
		};
		614EB1A329D19CBD0028C237 /* FirebaseFunctions */ = {
			isa = XCSwiftPackageProductDependency;
			package = 614EB18429D19CBC0028C237 /* XCRemoteSwiftPackageReference "firebase-ios-sdk" */;
			productName = FirebaseFunctions;
		};
		614EB1A529D19CBD0028C237 /* FirebaseFunctionsCombine-Community */ = {
			isa = XCSwiftPackageProductDependency;
			package = 614EB18429D19CBC0028C237 /* XCRemoteSwiftPackageReference "firebase-ios-sdk" */;
			productName = "FirebaseFunctionsCombine-Community";
		};
		614EB1A729D19CBD0028C237 /* FirebaseInAppMessaging-Beta */ = {
			isa = XCSwiftPackageProductDependency;
			package = 614EB18429D19CBC0028C237 /* XCRemoteSwiftPackageReference "firebase-ios-sdk" */;
			productName = "FirebaseInAppMessaging-Beta";
		};
		614EB1A929D19CBD0028C237 /* FirebaseInAppMessagingSwift-Beta */ = {
			isa = XCSwiftPackageProductDependency;
			package = 614EB18429D19CBC0028C237 /* XCRemoteSwiftPackageReference "firebase-ios-sdk" */;
			productName = "FirebaseInAppMessagingSwift-Beta";
		};
		614EB1AB29D19CBD0028C237 /* FirebaseInstallations */ = {
			isa = XCSwiftPackageProductDependency;
			package = 614EB18429D19CBC0028C237 /* XCRemoteSwiftPackageReference "firebase-ios-sdk" */;
			productName = FirebaseInstallations;
		};
		614EB1AD29D19CBD0028C237 /* FirebaseMLModelDownloader */ = {
			isa = XCSwiftPackageProductDependency;
			package = 614EB18429D19CBC0028C237 /* XCRemoteSwiftPackageReference "firebase-ios-sdk" */;
			productName = FirebaseMLModelDownloader;
		};
		614EB1AF29D19CBD0028C237 /* FirebaseMessaging */ = {
			isa = XCSwiftPackageProductDependency;
			package = 614EB18429D19CBC0028C237 /* XCRemoteSwiftPackageReference "firebase-ios-sdk" */;
			productName = FirebaseMessaging;
		};
		614EB1B129D19CBD0028C237 /* FirebasePerformance */ = {
			isa = XCSwiftPackageProductDependency;
			package = 614EB18429D19CBC0028C237 /* XCRemoteSwiftPackageReference "firebase-ios-sdk" */;
			productName = FirebasePerformance;
		};
		614EB1B329D19CBD0028C237 /* FirebaseRemoteConfig */ = {
			isa = XCSwiftPackageProductDependency;
			package = 614EB18429D19CBC0028C237 /* XCRemoteSwiftPackageReference "firebase-ios-sdk" */;
			productName = FirebaseRemoteConfig;
		};
		614EB1B529D19CBD0028C237 /* FirebaseRemoteConfigSwift */ = {
			isa = XCSwiftPackageProductDependency;
			package = 614EB18429D19CBC0028C237 /* XCRemoteSwiftPackageReference "firebase-ios-sdk" */;
			productName = FirebaseRemoteConfigSwift;
		};
		614EB1B729D19CBD0028C237 /* FirebaseStorage */ = {
			isa = XCSwiftPackageProductDependency;
			package = 614EB18429D19CBC0028C237 /* XCRemoteSwiftPackageReference "firebase-ios-sdk" */;
			productName = FirebaseStorage;
		};
		614EB1B929D19CBD0028C237 /* FirebaseStorageCombine-Community */ = {
			isa = XCSwiftPackageProductDependency;
			package = 614EB18429D19CBC0028C237 /* XCRemoteSwiftPackageReference "firebase-ios-sdk" */;
			productName = "FirebaseStorageCombine-Community";
		};
		614EB1C129D2F5520028C237 /* GoogleSignIn */ = {
			isa = XCSwiftPackageProductDependency;
			package = 614EB1C029D2F5520028C237 /* XCRemoteSwiftPackageReference "GoogleSignIn-iOS" */;
			productName = GoogleSignIn;
		};
		614EB1C329D2F5520028C237 /* GoogleSignInSwift */ = {
			isa = XCSwiftPackageProductDependency;
			package = 614EB1C029D2F5520028C237 /* XCRemoteSwiftPackageReference "GoogleSignIn-iOS" */;
			productName = GoogleSignInSwift;
		};
/* End XCSwiftPackageProductDependency section */
	};
	rootObject = 614EB16529D09E1F0028C237 /* Project object */;
}
